
Microsoft Visual Studio Solution File, Format Version 12.00
# Visual Studio Version 16
VisualStudioVersion = 16.0.31019.35
MinimumVisualStudioVersion = 10.0.40219.1
Project("{9A19103F-16F7-4668-BE54-9A1E7A4F7556}") = "01.CreatingAndStartingTasks", "01.CreatingAndStartingTasks\01.CreatingAndStartingTasks.csproj", "{C493A320-A0DE-4327-B559-9678DD33CF38}"
EndProject
Project("{9A19103F-16F7-4668-BE54-9A1E7A4F7556}") = "02.CancellingTasks", "CancellingTasks\02.CancellingTasks.csproj", "{BB01D9D2-45D0-43FE-9238-06E2097014B8}"
EndProject
Project("{9A19103F-16F7-4668-BE54-9A1E7A4F7556}") = "03.WaitingOnTask", "03.WaitingOnTask\03.WaitingOnTask.csproj", "{96992E82-51D1-4811-92C1-64AD456736FF}"
EndProject
Project("{9A19103F-16F7-4668-BE54-9A1E7A4F7556}") = "04.WaitingOnTasksToCompleteWork", "04.WaitningOnTasksToCompleteWork\04.WaitingOnTasksToCompleteWork.csproj", "{7460DF10-9D14-4C4E-911D-C97792AB785F}"
EndProject
Global
	GlobalSection(SolutionConfigurationPlatforms) = preSolution
		Debug|Any CPU = Debug|Any CPU
		Release|Any CPU = Release|Any CPU
	EndGlobalSection
	GlobalSection(ProjectConfigurationPlatforms) = postSolution
		{C493A320-A0DE-4327-B559-9678DD33CF38}.Debug|Any CPU.ActiveCfg = Debug|Any CPU
		{C493A320-A0DE-4327-B559-9678DD33CF38}.Debug|Any CPU.Build.0 = Debug|Any CPU
		{C493A320-A0DE-4327-B559-9678DD33CF38}.Release|Any CPU.ActiveCfg = Release|Any CPU
		{C493A320-A0DE-4327-B559-9678DD33CF38}.Release|Any CPU.Build.0 = Release|Any CPU
		{BB01D9D2-45D0-43FE-9238-06E2097014B8}.Debug|Any CPU.ActiveCfg = Debug|Any CPU
		{BB01D9D2-45D0-43FE-9238-06E2097014B8}.Debug|Any CPU.Build.0 = Debug|Any CPU
		{BB01D9D2-45D0-43FE-9238-06E2097014B8}.Release|Any CPU.ActiveCfg = Release|Any CPU
		{BB01D9D2-45D0-43FE-9238-06E2097014B8}.Release|Any CPU.Build.0 = Release|Any CPU
		{96992E82-51D1-4811-92C1-64AD456736FF}.Debug|Any CPU.ActiveCfg = Debug|Any CPU
		{96992E82-51D1-4811-92C1-64AD456736FF}.Debug|Any CPU.Build.0 = Debug|Any CPU
		{96992E82-51D1-4811-92C1-64AD456736FF}.Release|Any CPU.ActiveCfg = Release|Any CPU
		{96992E82-51D1-4811-92C1-64AD456736FF}.Release|Any CPU.Build.0 = Release|Any CPU
		{7460DF10-9D14-4C4E-911D-C97792AB785F}.Debug|Any CPU.ActiveCfg = Debug|Any CPU
		{7460DF10-9D14-4C4E-911D-C97792AB785F}.Debug|Any CPU.Build.0 = Debug|Any CPU
		{7460DF10-9D14-4C4E-911D-C97792AB785F}.Release|Any CPU.ActiveCfg = Release|Any CPU
		{7460DF10-9D14-4C4E-911D-C97792AB785F}.Release|Any CPU.Build.0 = Release|Any CPU
	EndGlobalSection
	GlobalSection(SolutionProperties) = preSolution
		HideSolutionNode = FALSE
	EndGlobalSection
	GlobalSection(ExtensibilityGlobals) = postSolution
		SolutionGuid = {7C47E3EC-EBD7-4E2F-BC1C-9FEAF4A5792C}
	EndGlobalSection
EndGlobal
